
Microsoft Visual Studio Solution File, Format Version 12.00
# Visual Studio Version 17
VisualStudioVersion = 17.0.31903.59
MinimumVisualStudioVersion = 10.0.40219.1
Project("{FAE04EC0-301F-11D3-BF4B-00C04F79EFBC}") = "Presentation", "Presentation\Presentation.csproj", "{0C259E59-1D13-4DE1-845B-3E86495351E8}"
EndProject
Project("{FAE04EC0-301F-11D3-BF4B-00C04F79EFBC}") = "Spreadsheet", "Spreadsheet\Spreadsheet.csproj", "{262350DE-D78B-436E-85DD-36BAA22B9A99}"
EndProject
Project("{FAE04EC0-301F-11D3-BF4B-00C04F79EFBC}") = "Global", "Global\Global.csproj", "{CE7ED073-779A-4817-B4B8-2FF4B2A15E40}"
EndProject
Project("{FAE04EC0-301F-11D3-BF4B-00C04F79EFBC}") = "Document", "Document\Document.csproj", "{6706B6CC-89E4-4BAB-B765-8C8683ACBB14}"
EndProject
Project("{FAE04EC0-301F-11D3-BF4B-00C04F79EFBC}") = "Test", "Test\Test.csproj", "{0362A130-42B7-49E8-94EF-76D15E2C674F}"
EndProject
Global
	GlobalSection(SolutionConfigurationPlatforms) = preSolution
		Debug|Any CPU = Debug|Any CPU
		Release|Any CPU = Release|Any CPU
	EndGlobalSection
	GlobalSection(SolutionProperties) = preSolution
		HideSolutionNode = FALSE
	EndGlobalSection
	GlobalSection(ProjectConfigurationPlatforms) = postSolution
		{0C259E59-1D13-4DE1-845B-3E86495351E8}.Debug|Any CPU.ActiveCfg = Debug|Any CPU
		{0C259E59-1D13-4DE1-845B-3E86495351E8}.Debug|Any CPU.Build.0 = Debug|Any CPU
		{0C259E59-1D13-4DE1-845B-3E86495351E8}.Release|Any CPU.ActiveCfg = Release|Any CPU
		{0C259E59-1D13-4DE1-845B-3E86495351E8}.Release|Any CPU.Build.0 = Release|Any CPU
		{262350DE-D78B-436E-85DD-36BAA22B9A99}.Debug|Any CPU.ActiveCfg = Debug|Any CPU
		{262350DE-D78B-436E-85DD-36BAA22B9A99}.Debug|Any CPU.Build.0 = Debug|Any CPU
		{262350DE-D78B-436E-85DD-36BAA22B9A99}.Release|Any CPU.ActiveCfg = Release|Any CPU
		{262350DE-D78B-436E-85DD-36BAA22B9A99}.Release|Any CPU.Build.0 = Release|Any CPU
		{CE7ED073-779A-4817-B4B8-2FF4B2A15E40}.Debug|Any CPU.ActiveCfg = Debug|Any CPU
		{CE7ED073-779A-4817-B4B8-2FF4B2A15E40}.Debug|Any CPU.Build.0 = Debug|Any CPU
		{CE7ED073-779A-4817-B4B8-2FF4B2A15E40}.Release|Any CPU.ActiveCfg = Release|Any CPU
		{CE7ED073-779A-4817-B4B8-2FF4B2A15E40}.Release|Any CPU.Build.0 = Release|Any CPU
		{6706B6CC-89E4-4BAB-B765-8C8683ACBB14}.Debug|Any CPU.ActiveCfg = Debug|Any CPU
		{6706B6CC-89E4-4BAB-B765-8C8683ACBB14}.Debug|Any CPU.Build.0 = Debug|Any CPU
		{6706B6CC-89E4-4BAB-B765-8C8683ACBB14}.Release|Any CPU.ActiveCfg = Release|Any CPU
		{6706B6CC-89E4-4BAB-B765-8C8683ACBB14}.Release|Any CPU.Build.0 = Release|Any CPU
		{0362A130-42B7-49E8-94EF-76D15E2C674F}.Debug|Any CPU.ActiveCfg = Debug|Any CPU
		{0362A130-42B7-49E8-94EF-76D15E2C674F}.Debug|Any CPU.Build.0 = Debug|Any CPU
		{0362A130-42B7-49E8-94EF-76D15E2C674F}.Release|Any CPU.ActiveCfg = Release|Any CPU
		{0362A130-42B7-49E8-94EF-76D15E2C674F}.Release|Any CPU.Build.0 = Release|Any CPU
	EndGlobalSection
EndGlobal
